
Microsoft Visual Studio Solution File, Format Version 12.00
# Visual Studio Express 2013 for Windows Desktop
VisualStudioVersion = 12.0.30723.0
MinimumVisualStudioVersion = 10.0.40219.1
Project("{888888A0-9F3D-457C-B088-3A5042F75D52}") = "TurtleDrawing", "..\..\visual studio 2013\Projects\TurtleDrawing\TurtleDrawing.pyproj", "{DDE90517-5FCB-4E59-9CEF-42BD5000C3CD}"
EndProject
Global
	GlobalSection(SolutionConfigurationPlatforms) = preSolution
		Debug|Any CPU = Debug|Any CPU
		Release|Any CPU = Release|Any CPU
	EndGlobalSection
	GlobalSection(ProjectConfigurationPlatforms) = postSolution
		{DDE90517-5FCB-4E59-9CEF-42BD5000C3CD}.Debug|Any CPU.ActiveCfg = Debug|Any CPU
		{DDE90517-5FCB-4E59-9CEF-42BD5000C3CD}.Release|Any CPU.ActiveCfg = Release|Any CPU
	EndGlobalSection
	GlobalSection(SolutionProperties) = preSolution
		HideSolutionNode = FALSE
	EndGlobalSection
EndGlobal
